// !$*UTF8*$!
{
	archiveVersion = 1;
	classes = {
	};
	objectVersion = 51;
	objects = {

/* Begin PBXBuildFile section */
		1FE20EE31F460530A39B05F6 /* Pods_WiproAssignmentTests.framework in Frameworks */ = {isa = PBXBuildFile; fileRef = BBDCFE7A7C16EE99D0A0714C /* Pods_WiproAssignmentTests.framework */; };
		7D6CAF7F0C52FF63C70FF266 /* Pods_WiproAssignment_WiproAssignmentUITests.framework in Frameworks */ = {isa = PBXBuildFile; fileRef = 1BE29D5501D908BBD1D1B1E9 /* Pods_WiproAssignment_WiproAssignmentUITests.framework */; };
		94ACDC9608B65A1CFBE20228 /* Pods_WiproAssignment.framework in Frameworks */ = {isa = PBXBuildFile; fileRef = 1AF1336358EA01002FFD3ABC /* Pods_WiproAssignment.framework */; };
		9E3F8B972566A1D700F2F763 /* AppDelegate.swift in Sources */ = {isa = PBXBuildFile; fileRef = 9E3F8B962566A1D700F2F763 /* AppDelegate.swift */; };
		9E3F8B992566A1D800F2F763 /* SceneDelegate.swift in Sources */ = {isa = PBXBuildFile; fileRef = 9E3F8B982566A1D800F2F763 /* SceneDelegate.swift */; };
		9E3F8B9B2566A1D800F2F763 /* ContentView.swift in Sources */ = {isa = PBXBuildFile; fileRef = 9E3F8B9A2566A1D800F2F763 /* ContentView.swift */; };
		9E3F8B9D2566A1DB00F2F763 /* Assets.xcassets in Resources */ = {isa = PBXBuildFile; fileRef = 9E3F8B9C2566A1DB00F2F763 /* Assets.xcassets */; };
		9E3F8BA02566A1DB00F2F763 /* Preview Assets.xcassets in Resources */ = {isa = PBXBuildFile; fileRef = 9E3F8B9F2566A1DB00F2F763 /* Preview Assets.xcassets */; };
		9E3F8BA32566A1DB00F2F763 /* LaunchScreen.storyboard in Resources */ = {isa = PBXBuildFile; fileRef = 9E3F8BA12566A1DB00F2F763 /* LaunchScreen.storyboard */; };
		9E3F8BAE2566A1DC00F2F763 /* WiproAssignmentTests.swift in Sources */ = {isa = PBXBuildFile; fileRef = 9E3F8BAD2566A1DC00F2F763 /* WiproAssignmentTests.swift */; };
		9E3F8BB92566A1DC00F2F763 /* WiproAssignmentUITests.swift in Sources */ = {isa = PBXBuildFile; fileRef = 9E3F8BB82566A1DC00F2F763 /* WiproAssignmentUITests.swift */; };
		9E3F8BD32566A74A00F2F763 /* APIRouter.swift in Sources */ = {isa = PBXBuildFile; fileRef = 9E3F8BD22566A74A00F2F763 /* APIRouter.swift */; };
		9E3F8BD82566A89600F2F763 /* APIClient.swift in Sources */ = {isa = PBXBuildFile; fileRef = 9E3F8BD72566A89600F2F763 /* APIClient.swift */; };
		9E3F8BDD2566AA5600F2F763 /* Details.swift in Sources */ = {isa = PBXBuildFile; fileRef = 9E3F8BDC2566AA5600F2F763 /* Details.swift */; };
		9E3F8BE22566AC1100F2F763 /* CountryView.swift in Sources */ = {isa = PBXBuildFile; fileRef = 9E3F8BE12566AC1100F2F763 /* CountryView.swift */; };
		9E3F8BE72566AC1D00F2F763 /* CountryViewModel.swift in Sources */ = {isa = PBXBuildFile; fileRef = 9E3F8BE62566AC1D00F2F763 /* CountryViewModel.swift */; };
		9E3F8BF52566AD0100F2F763 /* Colors.xcassets in Resources */ = {isa = PBXBuildFile; fileRef = 9E3F8BF42566AD0100F2F763 /* Colors.xcassets */; };
		9E3F8BFA2566AD4300F2F763 /* Constants.swift in Sources */ = {isa = PBXBuildFile; fileRef = 9E3F8BF92566AD4300F2F763 /* Constants.swift */; };
		9E3F8C062566B04000F2F763 /* DetailsRow.swift in Sources */ = {isa = PBXBuildFile; fileRef = 9E3F8C052566B04000F2F763 /* DetailsRow.swift */; };
		9E3F8C0E2566B8D300F2F763 /* WError.swift in Sources */ = {isa = PBXBuildFile; fileRef = 9E3F8C0D2566B8D300F2F763 /* WError.swift */; };
		9E48B2422567C84800FD2307 /* CountryViewTestClass.swift in Sources */ = {isa = PBXBuildFile; fileRef = 9E48B2412567C84800FD2307 /* CountryViewTestClass.swift */; };
/* End PBXBuildFile section */

/* Begin PBXContainerItemProxy section */
		9E3F8BAA2566A1DC00F2F763 /* PBXContainerItemProxy */ = {
			isa = PBXContainerItemProxy;
			containerPortal = 9E3F8B8B2566A1D700F2F763 /* Project object */;
			proxyType = 1;
			remoteGlobalIDString = 9E3F8B922566A1D700F2F763;
			remoteInfo = WiproAssignment;
		};
		9E3F8BB52566A1DC00F2F763 /* PBXContainerItemProxy */ = {
			isa = PBXContainerItemProxy;
			containerPortal = 9E3F8B8B2566A1D700F2F763 /* Project object */;
			proxyType = 1;
			remoteGlobalIDString = 9E3F8B922566A1D700F2F763;
			remoteInfo = WiproAssignment;
		};
/* End PBXContainerItemProxy section */

/* Begin PBXFileReference section */
		0137AC34215E7CD7825C8C2E /* Pods-WiproAssignment.debug.xcconfig */ = {isa = PBXFileReference; includeInIndex = 1; lastKnownFileType = text.xcconfig; name = "Pods-WiproAssignment.debug.xcconfig"; path = "Target Support Files/Pods-WiproAssignment/Pods-WiproAssignment.debug.xcconfig"; sourceTree = "<group>"; };
		1AF1336358EA01002FFD3ABC /* Pods_WiproAssignment.framework */ = {isa = PBXFileReference; explicitFileType = wrapper.framework; includeInIndex = 0; path = Pods_WiproAssignment.framework; sourceTree = BUILT_PRODUCTS_DIR; };
		1BE29D5501D908BBD1D1B1E9 /* Pods_WiproAssignment_WiproAssignmentUITests.framework */ = {isa = PBXFileReference; explicitFileType = wrapper.framework; includeInIndex = 0; path = Pods_WiproAssignment_WiproAssignmentUITests.framework; sourceTree = BUILT_PRODUCTS_DIR; };
		511B7370B9047BA9096BA25C /* Pods-WiproAssignment-WiproAssignmentUITests.release.xcconfig */ = {isa = PBXFileReference; includeInIndex = 1; lastKnownFileType = text.xcconfig; name = "Pods-WiproAssignment-WiproAssignmentUITests.release.xcconfig"; path = "Target Support Files/Pods-WiproAssignment-WiproAssignmentUITests/Pods-WiproAssignment-WiproAssignmentUITests.release.xcconfig"; sourceTree = "<group>"; };
		9E3F8B932566A1D700F2F763 /* WiproAssignment.app */ = {isa = PBXFileReference; explicitFileType = wrapper.application; includeInIndex = 0; path = WiproAssignment.app; sourceTree = BUILT_PRODUCTS_DIR; };
		9E3F8B962566A1D700F2F763 /* AppDelegate.swift */ = {isa = PBXFileReference; lastKnownFileType = sourcecode.swift; path = AppDelegate.swift; sourceTree = "<group>"; };
		9E3F8B982566A1D800F2F763 /* SceneDelegate.swift */ = {isa = PBXFileReference; lastKnownFileType = sourcecode.swift; path = SceneDelegate.swift; sourceTree = "<group>"; };
		9E3F8B9A2566A1D800F2F763 /* ContentView.swift */ = {isa = PBXFileReference; lastKnownFileType = sourcecode.swift; path = ContentView.swift; sourceTree = "<group>"; };
		9E3F8B9C2566A1DB00F2F763 /* Assets.xcassets */ = {isa = PBXFileReference; lastKnownFileType = folder.assetcatalog; path = Assets.xcassets; sourceTree = "<group>"; };
		9E3F8B9F2566A1DB00F2F763 /* Preview Assets.xcassets */ = {isa = PBXFileReference; lastKnownFileType = folder.assetcatalog; path = "Preview Assets.xcassets"; sourceTree = "<group>"; };
		9E3F8BA22566A1DB00F2F763 /* Base */ = {isa = PBXFileReference; lastKnownFileType = file.storyboard; name = Base; path = Base.lproj/LaunchScreen.storyboard; sourceTree = "<group>"; };
		9E3F8BA42566A1DC00F2F763 /* Info.plist */ = {isa = PBXFileReference; lastKnownFileType = text.plist.xml; path = Info.plist; sourceTree = "<group>"; };
		9E3F8BA92566A1DC00F2F763 /* WiproAssignmentTests.xctest */ = {isa = PBXFileReference; explicitFileType = wrapper.cfbundle; includeInIndex = 0; path = WiproAssignmentTests.xctest; sourceTree = BUILT_PRODUCTS_DIR; };
		9E3F8BAD2566A1DC00F2F763 /* WiproAssignmentTests.swift */ = {isa = PBXFileReference; lastKnownFileType = sourcecode.swift; path = WiproAssignmentTests.swift; sourceTree = "<group>"; };
		9E3F8BAF2566A1DC00F2F763 /* Info.plist */ = {isa = PBXFileReference; lastKnownFileType = text.plist.xml; path = Info.plist; sourceTree = "<group>"; };
		9E3F8BB42566A1DC00F2F763 /* WiproAssignmentUITests.xctest */ = {isa = PBXFileReference; explicitFileType = wrapper.cfbundle; includeInIndex = 0; path = WiproAssignmentUITests.xctest; sourceTree = BUILT_PRODUCTS_DIR; };
		9E3F8BB82566A1DC00F2F763 /* WiproAssignmentUITests.swift */ = {isa = PBXFileReference; lastKnownFileType = sourcecode.swift; path = WiproAssignmentUITests.swift; sourceTree = "<group>"; };
		9E3F8BBA2566A1DC00F2F763 /* Info.plist */ = {isa = PBXFileReference; lastKnownFileType = text.plist.xml; path = Info.plist; sourceTree = "<group>"; };
		9E3F8BD22566A74A00F2F763 /* APIRouter.swift */ = {isa = PBXFileReference; lastKnownFileType = sourcecode.swift; path = APIRouter.swift; sourceTree = "<group>"; };
		9E3F8BD72566A89600F2F763 /* APIClient.swift */ = {isa = PBXFileReference; lastKnownFileType = sourcecode.swift; path = APIClient.swift; sourceTree = "<group>"; };
		9E3F8BDC2566AA5600F2F763 /* Details.swift */ = {isa = PBXFileReference; lastKnownFileType = sourcecode.swift; path = Details.swift; sourceTree = "<group>"; };
		9E3F8BE12566AC1100F2F763 /* CountryView.swift */ = {isa = PBXFileReference; lastKnownFileType = sourcecode.swift; path = CountryView.swift; sourceTree = "<group>"; };
		9E3F8BE62566AC1D00F2F763 /* CountryViewModel.swift */ = {isa = PBXFileReference; lastKnownFileType = sourcecode.swift; path = CountryViewModel.swift; sourceTree = "<group>"; };
		9E3F8BF42566AD0100F2F763 /* Colors.xcassets */ = {isa = PBXFileReference; lastKnownFileType = folder.assetcatalog; path = Colors.xcassets; sourceTree = "<group>"; };
		9E3F8BF92566AD4300F2F763 /* Constants.swift */ = {isa = PBXFileReference; lastKnownFileType = sourcecode.swift; path = Constants.swift; sourceTree = "<group>"; };
		9E3F8C052566B04000F2F763 /* DetailsRow.swift */ = {isa = PBXFileReference; lastKnownFileType = sourcecode.swift; path = DetailsRow.swift; sourceTree = "<group>"; };
		9E3F8C0D2566B8D300F2F763 /* WError.swift */ = {isa = PBXFileReference; lastKnownFileType = sourcecode.swift; path = WError.swift; sourceTree = "<group>"; };
		9E48B2412567C84800FD2307 /* CountryViewTestClass.swift */ = {isa = PBXFileReference; lastKnownFileType = sourcecode.swift; path = CountryViewTestClass.swift; sourceTree = "<group>"; };
		A5BB6250FC5C2E8BE5E19C19 /* Pods-WiproAssignment-WiproAssignmentUITests.debug.xcconfig */ = {isa = PBXFileReference; includeInIndex = 1; lastKnownFileType = text.xcconfig; name = "Pods-WiproAssignment-WiproAssignmentUITests.debug.xcconfig"; path = "Target Support Files/Pods-WiproAssignment-WiproAssignmentUITests/Pods-WiproAssignment-WiproAssignmentUITests.debug.xcconfig"; sourceTree = "<group>"; };
		AA7E144464BD06607C4B76B8 /* Pods-WiproAssignmentTests.debug.xcconfig */ = {isa = PBXFileReference; includeInIndex = 1; lastKnownFileType = text.xcconfig; name = "Pods-WiproAssignmentTests.debug.xcconfig"; path = "Target Support Files/Pods-WiproAssignmentTests/Pods-WiproAssignmentTests.debug.xcconfig"; sourceTree = "<group>"; };
		BBDCFE7A7C16EE99D0A0714C /* Pods_WiproAssignmentTests.framework */ = {isa = PBXFileReference; explicitFileType = wrapper.framework; includeInIndex = 0; path = Pods_WiproAssignmentTests.framework; sourceTree = BUILT_PRODUCTS_DIR; };
		C4D4A5267EC68B5484A0C03C /* Pods-WiproAssignmentTests.release.xcconfig */ = {isa = PBXFileReference; includeInIndex = 1; lastKnownFileType = text.xcconfig; name = "Pods-WiproAssignmentTests.release.xcconfig"; path = "Target Support Files/Pods-WiproAssignmentTests/Pods-WiproAssignmentTests.release.xcconfig"; sourceTree = "<group>"; };
		D682FD54F35ADCC47B796E58 /* Pods-WiproAssignment.release.xcconfig */ = {isa = PBXFileReference; includeInIndex = 1; lastKnownFileType = text.xcconfig; name = "Pods-WiproAssignment.release.xcconfig"; path = "Target Support Files/Pods-WiproAssignment/Pods-WiproAssignment.release.xcconfig"; sourceTree = "<group>"; };
/* End PBXFileReference section */

/* Begin PBXFrameworksBuildPhase section */
		9E3F8B902566A1D700F2F763 /* Frameworks */ = {
			isa = PBXFrameworksBuildPhase;
			buildActionMask = 2147483647;
			files = (
				94ACDC9608B65A1CFBE20228 /* Pods_WiproAssignment.framework in Frameworks */,
			);
			runOnlyForDeploymentPostprocessing = 0;
		};
		9E3F8BA62566A1DC00F2F763 /* Frameworks */ = {
			isa = PBXFrameworksBuildPhase;
			buildActionMask = 2147483647;
			files = (
				1FE20EE31F460530A39B05F6 /* Pods_WiproAssignmentTests.framework in Frameworks */,
			);
			runOnlyForDeploymentPostprocessing = 0;
		};
		9E3F8BB12566A1DC00F2F763 /* Frameworks */ = {
			isa = PBXFrameworksBuildPhase;
			buildActionMask = 2147483647;
			files = (
				7D6CAF7F0C52FF63C70FF266 /* Pods_WiproAssignment_WiproAssignmentUITests.framework in Frameworks */,
			);
			runOnlyForDeploymentPostprocessing = 0;
		};
/* End PBXFrameworksBuildPhase section */

/* Begin PBXGroup section */
		13946551533E55F1B66AF68F /* Pods */ = {
			isa = PBXGroup;
			children = (
				0137AC34215E7CD7825C8C2E /* Pods-WiproAssignment.debug.xcconfig */,
				D682FD54F35ADCC47B796E58 /* Pods-WiproAssignment.release.xcconfig */,
				A5BB6250FC5C2E8BE5E19C19 /* Pods-WiproAssignment-WiproAssignmentUITests.debug.xcconfig */,
				511B7370B9047BA9096BA25C /* Pods-WiproAssignment-WiproAssignmentUITests.release.xcconfig */,
				AA7E144464BD06607C4B76B8 /* Pods-WiproAssignmentTests.debug.xcconfig */,
				C4D4A5267EC68B5484A0C03C /* Pods-WiproAssignmentTests.release.xcconfig */,
			);
			path = Pods;
			sourceTree = "<group>";
		};
		9E3F8B8A2566A1D700F2F763 = {
			isa = PBXGroup;
			children = (
				9E3F8B952566A1D700F2F763 /* WiproAssignment */,
				9E3F8BAC2566A1DC00F2F763 /* WiproAssignmentTests */,
				9E3F8BB72566A1DC00F2F763 /* WiproAssignmentUITests */,
				9E3F8B942566A1D700F2F763 /* Products */,
				13946551533E55F1B66AF68F /* Pods */,
				BE13EF7222C6C0852A1F3DF5 /* Frameworks */,
			);
			sourceTree = "<group>";
		};
		9E3F8B942566A1D700F2F763 /* Products */ = {
			isa = PBXGroup;
			children = (
				9E3F8B932566A1D700F2F763 /* WiproAssignment.app */,
				9E3F8BA92566A1DC00F2F763 /* WiproAssignmentTests.xctest */,
				9E3F8BB42566A1DC00F2F763 /* WiproAssignmentUITests.xctest */,
			);
			name = Products;
			sourceTree = "<group>";
		};
		9E3F8B952566A1D700F2F763 /* WiproAssignment */ = {
			isa = PBXGroup;
			children = (
				9E3F8BCD2566A68F00F2F763 /* Resources */,
				9E3F8BCC2566A66000F2F763 /* Utilities */,
				9E3F8BCB2566A65200F2F763 /* Services */,
				9E3F8BCE2566A6A400F2F763 /* Model */,
				9E3F8BC92566A63900F2F763 /* View */,
				9E3F8BCA2566A64B00F2F763 /* ViewModel */,
				9E3F8B962566A1D700F2F763 /* AppDelegate.swift */,
				9E3F8B982566A1D800F2F763 /* SceneDelegate.swift */,
				9E3F8B9A2566A1D800F2F763 /* ContentView.swift */,
				9E3F8B9C2566A1DB00F2F763 /* Assets.xcassets */,
				9E3F8BA12566A1DB00F2F763 /* LaunchScreen.storyboard */,
				9E3F8BA42566A1DC00F2F763 /* Info.plist */,
				9E3F8B9E2566A1DB00F2F763 /* Preview Content */,
			);
			path = WiproAssignment;
			sourceTree = "<group>";
		};
		9E3F8B9E2566A1DB00F2F763 /* Preview Content */ = {
			isa = PBXGroup;
			children = (
				9E3F8B9F2566A1DB00F2F763 /* Preview Assets.xcassets */,
			);
			path = "Preview Content";
			sourceTree = "<group>";
		};
		9E3F8BAC2566A1DC00F2F763 /* WiproAssignmentTests */ = {
			isa = PBXGroup;
			children = (
				9E48B2412567C84800FD2307 /* CountryViewTestClass.swift */,
				9E3F8BAD2566A1DC00F2F763 /* WiproAssignmentTests.swift */,
				9E3F8BAF2566A1DC00F2F763 /* Info.plist */,
			);
			path = WiproAssignmentTests;
			sourceTree = "<group>";
		};
		9E3F8BB72566A1DC00F2F763 /* WiproAssignmentUITests */ = {
			isa = PBXGroup;
			children = (
				9E3F8BB82566A1DC00F2F763 /* WiproAssignmentUITests.swift */,
				9E3F8BBA2566A1DC00F2F763 /* Info.plist */,
			);
			path = WiproAssignmentUITests;
			sourceTree = "<group>";
		};
		9E3F8BC92566A63900F2F763 /* View */ = {
			isa = PBXGroup;
			children = (
				9E3F8C042566AF9200F2F763 /* Components */,
				9E3F8BE12566AC1100F2F763 /* CountryView.swift */,
			);
			path = View;
			sourceTree = "<group>";
		};
		9E3F8BCA2566A64B00F2F763 /* ViewModel */ = {
			isa = PBXGroup;
			children = (
				9E3F8BE62566AC1D00F2F763 /* CountryViewModel.swift */,
			);
			path = ViewModel;
			sourceTree = "<group>";
		};
		9E3F8BCB2566A65200F2F763 /* Services */ = {
			isa = PBXGroup;
			children = (
				9E3F8BD22566A74A00F2F763 /* APIRouter.swift */,
				9E3F8BD72566A89600F2F763 /* APIClient.swift */,
				9E3F8C0D2566B8D300F2F763 /* WError.swift */,
			);
			path = Services;
			sourceTree = "<group>";
		};
		9E3F8BCC2566A66000F2F763 /* Utilities */ = {
			isa = PBXGroup;
			children = (
				9E3F8BF92566AD4300F2F763 /* Constants.swift */,
			);
			path = Utilities;
			sourceTree = "<group>";
		};
		9E3F8BCD2566A68F00F2F763 /* Resources */ = {
			isa = PBXGroup;
			children = (
				9E3F8BF42566AD0100F2F763 /* Colors.xcassets */,
			);
			path = Resources;
			sourceTree = "<group>";
		};
		9E3F8BCE2566A6A400F2F763 /* Model */ = {
			isa = PBXGroup;
			children = (
				9E3F8BDC2566AA5600F2F763 /* Details.swift */,
			);
			path = Model;
			sourceTree = "<group>";
		};
		9E3F8C042566AF9200F2F763 /* Components */ = {
			isa = PBXGroup;
			children = (
				9E3F8C052566B04000F2F763 /* DetailsRow.swift */,
			);
			path = Components;
			sourceTree = "<group>";
		};
		BE13EF7222C6C0852A1F3DF5 /* Frameworks */ = {
			isa = PBXGroup;
			children = (
				1AF1336358EA01002FFD3ABC /* Pods_WiproAssignment.framework */,
				1BE29D5501D908BBD1D1B1E9 /* Pods_WiproAssignment_WiproAssignmentUITests.framework */,
				BBDCFE7A7C16EE99D0A0714C /* Pods_WiproAssignmentTests.framework */,
			);
			name = Frameworks;
			sourceTree = "<group>";
		};
/* End PBXGroup section */

/* Begin PBXNativeTarget section */
		9E3F8B922566A1D700F2F763 /* WiproAssignment */ = {
			isa = PBXNativeTarget;
			buildConfigurationList = 9E3F8BBD2566A1DC00F2F763 /* Build configuration list for PBXNativeTarget "WiproAssignment" */;
			buildPhases = (
				4F0E7F3A20465E77E69D3276 /* [CP] Check Pods Manifest.lock */,
				9E3F8B8F2566A1D700F2F763 /* Sources */,
				9E3F8B902566A1D700F2F763 /* Frameworks */,
				9E3F8B912566A1D700F2F763 /* Resources */,
				DAA25C422AAB43A27BC1D74F /* [CP] Embed Pods Frameworks */,
			);
			buildRules = (
			);
			dependencies = (
			);
			name = WiproAssignment;
			productName = WiproAssignment;
			productReference = 9E3F8B932566A1D700F2F763 /* WiproAssignment.app */;
			productType = "com.apple.product-type.application";
		};
		9E3F8BA82566A1DC00F2F763 /* WiproAssignmentTests */ = {
			isa = PBXNativeTarget;
			buildConfigurationList = 9E3F8BC02566A1DC00F2F763 /* Build configuration list for PBXNativeTarget "WiproAssignmentTests" */;
			buildPhases = (
				C042D1A6C2A6680F442608A6 /* [CP] Check Pods Manifest.lock */,
				9E3F8BA52566A1DC00F2F763 /* Sources */,
				9E3F8BA62566A1DC00F2F763 /* Frameworks */,
				9E3F8BA72566A1DC00F2F763 /* Resources */,
			);
			buildRules = (
			);
			dependencies = (
				9E3F8BAB2566A1DC00F2F763 /* PBXTargetDependency */,
			);
			name = WiproAssignmentTests;
			productName = WiproAssignmentTests;
			productReference = 9E3F8BA92566A1DC00F2F763 /* WiproAssignmentTests.xctest */;
			productType = "com.apple.product-type.bundle.unit-test";
		};
		9E3F8BB32566A1DC00F2F763 /* WiproAssignmentUITests */ = {
			isa = PBXNativeTarget;
			buildConfigurationList = 9E3F8BC32566A1DC00F2F763 /* Build configuration list for PBXNativeTarget "WiproAssignmentUITests" */;
			buildPhases = (
				D65D6FD5BA714AA6BBACA2A1 /* [CP] Check Pods Manifest.lock */,
				9E3F8BB02566A1DC00F2F763 /* Sources */,
				9E3F8BB12566A1DC00F2F763 /* Frameworks */,
				9E3F8BB22566A1DC00F2F763 /* Resources */,
				57444381713E75950AC2D178 /* [CP] Embed Pods Frameworks */,
			);
			buildRules = (
			);
			dependencies = (
				9E3F8BB62566A1DC00F2F763 /* PBXTargetDependency */,
			);
			name = WiproAssignmentUITests;
			productName = WiproAssignmentUITests;
			productReference = 9E3F8BB42566A1DC00F2F763 /* WiproAssignmentUITests.xctest */;
			productType = "com.apple.product-type.bundle.ui-testing";
		};
/* End PBXNativeTarget section */

/* Begin PBXProject section */
		9E3F8B8B2566A1D700F2F763 /* Project object */ = {
			isa = PBXProject;
			attributes = {
				LastSwiftUpdateCheck = 1210;
				LastUpgradeCheck = 1210;
				TargetAttributes = {
					9E3F8B922566A1D700F2F763 = {
						CreatedOnToolsVersion = 12.1;
					};
					9E3F8BA82566A1DC00F2F763 = {
						CreatedOnToolsVersion = 12.1;
						TestTargetID = 9E3F8B922566A1D700F2F763;
					};
					9E3F8BB32566A1DC00F2F763 = {
						CreatedOnToolsVersion = 12.1;
						TestTargetID = 9E3F8B922566A1D700F2F763;
					};
				};
			};
			buildConfigurationList = 9E3F8B8E2566A1D700F2F763 /* Build configuration list for PBXProject "WiproAssignment" */;
			compatibilityVersion = "Xcode 9.3";
			developmentRegion = en;
			hasScannedForEncodings = 0;
			knownRegions = (
				en,
				Base,
			);
			mainGroup = 9E3F8B8A2566A1D700F2F763;
			productRefGroup = 9E3F8B942566A1D700F2F763 /* Products */;
			projectDirPath = "";
			projectRoot = "";
			targets = (
				9E3F8B922566A1D700F2F763 /* WiproAssignment */,
				9E3F8BA82566A1DC00F2F763 /* WiproAssignmentTests */,
				9E3F8BB32566A1DC00F2F763 /* WiproAssignmentUITests */,
			);
		};
/* End PBXProject section */

/* Begin PBXResourcesBuildPhase section */
		9E3F8B912566A1D700F2F763 /* Resources */ = {
			isa = PBXResourcesBuildPhase;
			buildActionMask = 2147483647;
			files = (
				9E3F8BA32566A1DB00F2F763 /* LaunchScreen.storyboard in Resources */,
				9E3F8BF52566AD0100F2F763 /* Colors.xcassets in Resources */,
				9E3F8BA02566A1DB00F2F763 /* Preview Assets.xcassets in Resources */,
				9E3F8B9D2566A1DB00F2F763 /* Assets.xcassets in Resources */,
			);
			runOnlyForDeploymentPostprocessing = 0;
		};
		9E3F8BA72566A1DC00F2F763 /* Resources */ = {
			isa = PBXResourcesBuildPhase;
			buildActionMask = 2147483647;
			files = (
			);
			runOnlyForDeploymentPostprocessing = 0;
		};
		9E3F8BB22566A1DC00F2F763 /* Resources */ = {
			isa = PBXResourcesBuildPhase;
			buildActionMask = 2147483647;
			files = (
			);
			runOnlyForDeploymentPostprocessing = 0;
		};
/* End PBXResourcesBuildPhase section */

/* Begin PBXShellScriptBuildPhase section */
		4F0E7F3A20465E77E69D3276 /* [CP] Check Pods Manifest.lock */ = {
			isa = PBXShellScriptBuildPhase;
			buildActionMask = 2147483647;
			files = (
			);
			inputFileListPaths = (
			);
			inputPaths = (
				"${PODS_PODFILE_DIR_PATH}/Podfile.lock",
				"${PODS_ROOT}/Manifest.lock",
			);
			name = "[CP] Check Pods Manifest.lock";
			outputFileListPaths = (
			);
			outputPaths = (
				"$(DERIVED_FILE_DIR)/Pods-WiproAssignment-checkManifestLockResult.txt",
			);
			runOnlyForDeploymentPostprocessing = 0;
			shellPath = /bin/sh;
			shellScript = "diff \"${PODS_PODFILE_DIR_PATH}/Podfile.lock\" \"${PODS_ROOT}/Manifest.lock\" > /dev/null\nif [ $? != 0 ] ; then\n    # print error to STDERR\n    echo \"error: The sandbox is not in sync with the Podfile.lock. Run 'pod install' or update your CocoaPods installation.\" >&2\n    exit 1\nfi\n# This output is used by Xcode 'outputs' to avoid re-running this script phase.\necho \"SUCCESS\" > \"${SCRIPT_OUTPUT_FILE_0}\"\n";
			showEnvVarsInLog = 0;
		};
		57444381713E75950AC2D178 /* [CP] Embed Pods Frameworks */ = {
			isa = PBXShellScriptBuildPhase;
			buildActionMask = 2147483647;
			files = (
			);
			inputFileListPaths = (
				"${PODS_ROOT}/Target Support Files/Pods-WiproAssignment-WiproAssignmentUITests/Pods-WiproAssignment-WiproAssignmentUITests-frameworks-${CONFIGURATION}-input-files.xcfilelist",
			);
			name = "[CP] Embed Pods Frameworks";
			outputFileListPaths = (
				"${PODS_ROOT}/Target Support Files/Pods-WiproAssignment-WiproAssignmentUITests/Pods-WiproAssignment-WiproAssignmentUITests-frameworks-${CONFIGURATION}-output-files.xcfilelist",
			);
			runOnlyForDeploymentPostprocessing = 0;
			shellPath = /bin/sh;
			shellScript = "\"${PODS_ROOT}/Target Support Files/Pods-WiproAssignment-WiproAssignmentUITests/Pods-WiproAssignment-WiproAssignmentUITests-frameworks.sh\"\n";
			showEnvVarsInLog = 0;
		};
		C042D1A6C2A6680F442608A6 /* [CP] Check Pods Manifest.lock */ = {
			isa = PBXShellScriptBuildPhase;
			buildActionMask = 2147483647;
			files = (
			);
			inputFileListPaths = (
			);
			inputPaths = (
				"${PODS_PODFILE_DIR_PATH}/Podfile.lock",
				"${PODS_ROOT}/Manifest.lock",
			);
			name = "[CP] Check Pods Manifest.lock";
			outputFileListPaths = (
			);
			outputPaths = (
				"$(DERIVED_FILE_DIR)/Pods-WiproAssignmentTests-checkManifestLockResult.txt",
			);
			runOnlyForDeploymentPostprocessing = 0;
			shellPath = /bin/sh;
			shellScript = "diff \"${PODS_PODFILE_DIR_PATH}/Podfile.lock\" \"${PODS_ROOT}/Manifest.lock\" > /dev/null\nif [ $? != 0 ] ; then\n    # print error to STDERR\n    echo \"error: The sandbox is not in sync with the Podfile.lock. Run 'pod install' or update your CocoaPods installation.\" >&2\n    exit 1\nfi\n# This output is used by Xcode 'outputs' to avoid re-running this script phase.\necho \"SUCCESS\" > \"${SCRIPT_OUTPUT_FILE_0}\"\n";
			showEnvVarsInLog = 0;
		};
		D65D6FD5BA714AA6BBACA2A1 /* [CP] Check Pods Manifest.lock */ = {
			isa = PBXShellScriptBuildPhase;
			buildActionMask = 2147483647;
			files = (
			);
			inputFileListPaths = (
			);
			inputPaths = (
				"${PODS_PODFILE_DIR_PATH}/Podfile.lock",
				"${PODS_ROOT}/Manifest.lock",
			);
			name = "[CP] Check Pods Manifest.lock";
			outputFileListPaths = (
			);
			outputPaths = (
				"$(DERIVED_FILE_DIR)/Pods-WiproAssignment-WiproAssignmentUITests-checkManifestLockResult.txt",
			);
			runOnlyForDeploymentPostprocessing = 0;
			shellPath = /bin/sh;
			shellScript = "diff \"${PODS_PODFILE_DIR_PATH}/Podfile.lock\" \"${PODS_ROOT}/Manifest.lock\" > /dev/null\nif [ $? != 0 ] ; then\n    # print error to STDERR\n    echo \"error: The sandbox is not in sync with the Podfile.lock. Run 'pod install' or update your CocoaPods installation.\" >&2\n    exit 1\nfi\n# This output is used by Xcode 'outputs' to avoid re-running this script phase.\necho \"SUCCESS\" > \"${SCRIPT_OUTPUT_FILE_0}\"\n";
			showEnvVarsInLog = 0;
		};
		DAA25C422AAB43A27BC1D74F /* [CP] Embed Pods Frameworks */ = {
			isa = PBXShellScriptBuildPhase;
			buildActionMask = 2147483647;
			files = (
			);
			inputFileListPaths = (
				"${PODS_ROOT}/Target Support Files/Pods-WiproAssignment/Pods-WiproAssignment-frameworks-${CONFIGURATION}-input-files.xcfilelist",
			);
			name = "[CP] Embed Pods Frameworks";
			outputFileListPaths = (
				"${PODS_ROOT}/Target Support Files/Pods-WiproAssignment/Pods-WiproAssignment-frameworks-${CONFIGURATION}-output-files.xcfilelist",
			);
			runOnlyForDeploymentPostprocessing = 0;
			shellPath = /bin/sh;
			shellScript = "\"${PODS_ROOT}/Target Support Files/Pods-WiproAssignment/Pods-WiproAssignment-frameworks.sh\"\n";
			showEnvVarsInLog = 0;
		};
/* End PBXShellScriptBuildPhase section */

/* Begin PBXSourcesBuildPhase section */
		9E3F8B8F2566A1D700F2F763 /* Sources */ = {
			isa = PBXSourcesBuildPhase;
			buildActionMask = 2147483647;
			files = (
				9E3F8B972566A1D700F2F763 /* AppDelegate.swift in Sources */,
				9E3F8BE72566AC1D00F2F763 /* CountryViewModel.swift in Sources */,
				9E3F8BD32566A74A00F2F763 /* APIRouter.swift in Sources */,
				9E3F8BDD2566AA5600F2F763 /* Details.swift in Sources */,
				9E3F8B992566A1D800F2F763 /* SceneDelegate.swift in Sources */,
				9E3F8C062566B04000F2F763 /* DetailsRow.swift in Sources */,
				9E3F8C0E2566B8D300F2F763 /* WError.swift in Sources */,
				9E3F8BFA2566AD4300F2F763 /* Constants.swift in Sources */,
				9E3F8BD82566A89600F2F763 /* APIClient.swift in Sources */,
				9E3F8BE22566AC1100F2F763 /* CountryView.swift in Sources */,
				9E3F8B9B2566A1D800F2F763 /* ContentView.swift in Sources */,
			);
			runOnlyForDeploymentPostprocessing = 0;
		};
		9E3F8BA52566A1DC00F2F763 /* Sources */ = {
			isa = PBXSourcesBuildPhase;
			buildActionMask = 2147483647;
			files = (
				9E48B2422567C84800FD2307 /* CountryViewTestClass.swift in Sources */,
				9E3F8BAE2566A1DC00F2F763 /* WiproAssignmentTests.swift in Sources */,
			);
			runOnlyForDeploymentPostprocessing = 0;
		};
		9E3F8BB02566A1DC00F2F763 /* Sources */ = {
			isa = PBXSourcesBuildPhase;
			buildActionMask = 2147483647;
			files = (
				9E3F8BB92566A1DC00F2F763 /* WiproAssignmentUITests.swift in Sources */,
			);
			runOnlyForDeploymentPostprocessing = 0;
		};
/* End PBXSourcesBuildPhase section */

/* Begin PBXTargetDependency section */
		9E3F8BAB2566A1DC00F2F763 /* PBXTargetDependency */ = {
			isa = PBXTargetDependency;
			target = 9E3F8B922566A1D700F2F763 /* WiproAssignment */;
			targetProxy = 9E3F8BAA2566A1DC00F2F763 /* PBXContainerItemProxy */;
		};
		9E3F8BB62566A1DC00F2F763 /* PBXTargetDependency */ = {
			isa = PBXTargetDependency;
			target = 9E3F8B922566A1D700F2F763 /* WiproAssignment */;
			targetProxy = 9E3F8BB52566A1DC00F2F763 /* PBXContainerItemProxy */;
		};
/* End PBXTargetDependency section */

/* Begin PBXVariantGroup section */
		9E3F8BA12566A1DB00F2F763 /* LaunchScreen.storyboard */ = {
			isa = PBXVariantGroup;
			children = (
				9E3F8BA22566A1DB00F2F763 /* Base */,
			);
			name = LaunchScreen.storyboard;
			sourceTree = "<group>";
		};
/* End PBXVariantGroup section */

/* Begin XCBuildConfiguration section */
		9E3F8BBB2566A1DC00F2F763 /* Debug */ = {
			isa = XCBuildConfiguration;
			buildSettings = {
				ALWAYS_SEARCH_USER_PATHS = NO;
				CLANG_ANALYZER_NONNULL = YES;
				CLANG_ANALYZER_NUMBER_OBJECT_CONVERSION = YES_AGGRESSIVE;
				CLANG_CXX_LANGUAGE_STANDARD = "gnu++14";
				CLANG_CXX_LIBRARY = "libc++";
				CLANG_ENABLE_MODULES = YES;
				CLANG_ENABLE_OBJC_ARC = YES;
				CLANG_ENABLE_OBJC_WEAK = YES;
				CLANG_WARN_BLOCK_CAPTURE_AUTORELEASING = YES;
				CLANG_WARN_BOOL_CONVERSION = YES;
				CLANG_WARN_COMMA = YES;
				CLANG_WARN_CONSTANT_CONVERSION = YES;
				CLANG_WARN_DEPRECATED_OBJC_IMPLEMENTATIONS = YES;
				CLANG_WARN_DIRECT_OBJC_ISA_USAGE = YES_ERROR;
				CLANG_WARN_DOCUMENTATION_COMMENTS = YES;
				CLANG_WARN_EMPTY_BODY = YES;
				CLANG_WARN_ENUM_CONVERSION = YES;
				CLANG_WARN_INFINITE_RECURSION = YES;
				CLANG_WARN_INT_CONVERSION = YES;
				CLANG_WARN_NON_LITERAL_NULL_CONVERSION = YES;
				CLANG_WARN_OBJC_IMPLICIT_RETAIN_SELF = YES;
				CLANG_WARN_OBJC_LITERAL_CONVERSION = YES;
				CLANG_WARN_OBJC_ROOT_CLASS = YES_ERROR;
				CLANG_WARN_QUOTED_INCLUDE_IN_FRAMEWORK_HEADER = YES;
				CLANG_WARN_RANGE_LOOP_ANALYSIS = YES;
				CLANG_WARN_STRICT_PROTOTYPES = YES;
				CLANG_WARN_SUSPICIOUS_MOVE = YES;
				CLANG_WARN_UNGUARDED_AVAILABILITY = YES_AGGRESSIVE;
				CLANG_WARN_UNREACHABLE_CODE = YES;
				CLANG_WARN__DUPLICATE_METHOD_MATCH = YES;
				COPY_PHASE_STRIP = NO;
				DEBUG_INFORMATION_FORMAT = dwarf;
				ENABLE_STRICT_OBJC_MSGSEND = YES;
				ENABLE_TESTABILITY = YES;
				GCC_C_LANGUAGE_STANDARD = gnu11;
				GCC_DYNAMIC_NO_PIC = NO;
				GCC_NO_COMMON_BLOCKS = YES;
				GCC_OPTIMIZATION_LEVEL = 0;
				GCC_PREPROCESSOR_DEFINITIONS = (
					"DEBUG=1",
					"$(inherited)",
				);
				GCC_WARN_64_TO_32_BIT_CONVERSION = YES;
				GCC_WARN_ABOUT_RETURN_TYPE = YES_ERROR;
				GCC_WARN_UNDECLARED_SELECTOR = YES;
				GCC_WARN_UNINITIALIZED_AUTOS = YES_AGGRESSIVE;
				GCC_WARN_UNUSED_FUNCTION = YES;
				GCC_WARN_UNUSED_VARIABLE = YES;
				IPHONEOS_DEPLOYMENT_TARGET = 13.0;
				MTL_ENABLE_DEBUG_INFO = INCLUDE_SOURCE;
				MTL_FAST_MATH = YES;
				ONLY_ACTIVE_ARCH = YES;
				SDKROOT = iphoneos;
				SWIFT_ACTIVE_COMPILATION_CONDITIONS = DEBUG;
				SWIFT_OPTIMIZATION_LEVEL = "-Onone";
			};
			name = Debug;
		};
		9E3F8BBC2566A1DC00F2F763 /* Release */ = {
			isa = XCBuildConfiguration;
			buildSettings = {
				ALWAYS_SEARCH_USER_PATHS = NO;
				CLANG_ANALYZER_NONNULL = YES;
				CLANG_ANALYZER_NUMBER_OBJECT_CONVERSION = YES_AGGRESSIVE;
				CLANG_CXX_LANGUAGE_STANDARD = "gnu++14";
				CLANG_CXX_LIBRARY = "libc++";
				CLANG_ENABLE_MODULES = YES;
				CLANG_ENABLE_OBJC_ARC = YES;
				CLANG_ENABLE_OBJC_WEAK = YES;
				CLANG_WARN_BLOCK_CAPTURE_AUTORELEASING = YES;
				CLANG_WARN_BOOL_CONVERSION = YES;
				CLANG_WARN_COMMA = YES;
				CLANG_WARN_CONSTANT_CONVERSION = YES;
				CLANG_WARN_DEPRECATED_OBJC_IMPLEMENTATIONS = YES;
				CLANG_WARN_DIRECT_OBJC_ISA_USAGE = YES_ERROR;
				CLANG_WARN_DOCUMENTATION_COMMENTS = YES;
				CLANG_WARN_EMPTY_BODY = YES;
				CLANG_WARN_ENUM_CONVERSION = YES;
				CLANG_WARN_INFINITE_RECURSION = YES;
				CLANG_WARN_INT_CONVERSION = YES;
				CLANG_WARN_NON_LITERAL_NULL_CONVERSION = YES;
				CLANG_WARN_OBJC_IMPLICIT_RETAIN_SELF = YES;
				CLANG_WARN_OBJC_LITERAL_CONVERSION = YES;
				CLANG_WARN_OBJC_ROOT_CLASS = YES_ERROR;
				CLANG_WARN_QUOTED_INCLUDE_IN_FRAMEWORK_HEADER = YES;
				CLANG_WARN_RANGE_LOOP_ANALYSIS = YES;
				CLANG_WARN_STRICT_PROTOTYPES = YES;
				CLANG_WARN_SUSPICIOUS_MOVE = YES;
				CLANG_WARN_UNGUARDED_AVAILABILITY = YES_AGGRESSIVE;
				CLANG_WARN_UNREACHABLE_CODE = YES;
				CLANG_WARN__DUPLICATE_METHOD_MATCH = YES;
				COPY_PHASE_STRIP = NO;
				DEBUG_INFORMATION_FORMAT = "dwarf-with-dsym";
				ENABLE_NS_ASSERTIONS = NO;
				ENABLE_STRICT_OBJC_MSGSEND = YES;
				GCC_C_LANGUAGE_STANDARD = gnu11;
				GCC_NO_COMMON_BLOCKS = YES;
				GCC_WARN_64_TO_32_BIT_CONVERSION = YES;
				GCC_WARN_ABOUT_RETURN_TYPE = YES_ERROR;
				GCC_WARN_UNDECLARED_SELECTOR = YES;
				GCC_WARN_UNINITIALIZED_AUTOS = YES_AGGRESSIVE;
				GCC_WARN_UNUSED_FUNCTION = YES;
				GCC_WARN_UNUSED_VARIABLE = YES;
				IPHONEOS_DEPLOYMENT_TARGET = 13.0;
				MTL_ENABLE_DEBUG_INFO = NO;
				MTL_FAST_MATH = YES;
				SDKROOT = iphoneos;
				SWIFT_COMPILATION_MODE = wholemodule;
				SWIFT_OPTIMIZATION_LEVEL = "-O";
				VALIDATE_PRODUCT = YES;
			};
			name = Release;
		};
		9E3F8BBE2566A1DC00F2F763 /* Debug */ = {
			isa = XCBuildConfiguration;
			baseConfigurationReference = 0137AC34215E7CD7825C8C2E /* Pods-WiproAssignment.debug.xcconfig */;
			buildSettings = {
				ASSETCATALOG_COMPILER_APPICON_NAME = AppIcon;
				ASSETCATALOG_COMPILER_GLOBAL_ACCENT_COLOR_NAME = AccentColor;
				CODE_SIGN_STYLE = Automatic;
				DEVELOPMENT_ASSET_PATHS = "\"WiproAssignment/Preview Content\"";
				DEVELOPMENT_TEAM = K8A2R43Y6Y;
				ENABLE_PREVIEWS = YES;
				INFOPLIST_FILE = WiproAssignment/Info.plist;
				LD_RUNPATH_SEARCH_PATHS = (
					"$(inherited)",
					"@executable_path/Frameworks",
				);
				PRODUCT_BUNDLE_IDENTIFIER = anshu.WiproAssignment;
				PRODUCT_NAME = "$(TARGET_NAME)";
				SWIFT_VERSION = 5.0;
				TARGETED_DEVICE_FAMILY = "1,2";
			};
			name = Debug;
		};
		9E3F8BBF2566A1DC00F2F763 /* Release */ = {
			isa = XCBuildConfiguration;
			baseConfigurationReference = D682FD54F35ADCC47B796E58 /* Pods-WiproAssignment.release.xcconfig */;
			buildSettings = {
				ASSETCATALOG_COMPILER_APPICON_NAME = AppIcon;
				ASSETCATALOG_COMPILER_GLOBAL_ACCENT_COLOR_NAME = AccentColor;
				CODE_SIGN_STYLE = Automatic;
				DEVELOPMENT_ASSET_PATHS = "\"WiproAssignment/Preview Content\"";
				DEVELOPMENT_TEAM = K8A2R43Y6Y;
				ENABLE_PREVIEWS = YES;
				INFOPLIST_FILE = WiproAssignment/Info.plist;
				LD_RUNPATH_SEARCH_PATHS = (
					"$(inherited)",
					"@executable_path/Frameworks",
				);
				PRODUCT_BUNDLE_IDENTIFIER = anshu.WiproAssignment;
				PRODUCT_NAME = "$(TARGET_NAME)";
				SWIFT_VERSION = 5.0;
				TARGETED_DEVICE_FAMILY = "1,2";
			};
			name = Release;
		};
		9E3F8BC12566A1DC00F2F763 /* Debug */ = {
			isa = XCBuildConfiguration;
			baseConfigurationReference = AA7E144464BD06607C4B76B8 /* Pods-WiproAssignmentTests.debug.xcconfig */;
			buildSettings = {
				ALWAYS_EMBED_SWIFT_STANDARD_LIBRARIES = YES;
				BUNDLE_LOADER = "$(TEST_HOST)";
				CODE_SIGN_STYLE = Automatic;
				DEVELOPMENT_TEAM = K8A2R43Y6Y;
				INFOPLIST_FILE = WiproAssignmentTests/Info.plist;
				IPHONEOS_DEPLOYMENT_TARGET = 13.0;
				LD_RUNPATH_SEARCH_PATHS = (
					"$(inherited)",
					"@executable_path/Frameworks",
					"@loader_path/Frameworks",
				);
				PRODUCT_BUNDLE_IDENTIFIER = anshu.WiproAssignmentTests;
				PRODUCT_NAME = "$(TARGET_NAME)";
				SWIFT_VERSION = 5.0;
				TARGETED_DEVICE_FAMILY = "1,2";
				TEST_HOST = "$(BUILT_PRODUCTS_DIR)/WiproAssignment.app/WiproAssignment";
			};
			name = Debug;
		};
		9E3F8BC22566A1DC00F2F763 /* Release */ = {
			isa = XCBuildConfiguration;
			baseConfigurationReference = C4D4A5267EC68B5484A0C03C /* Pods-WiproAssignmentTests.release.xcconfig */;
			buildSettings = {
				ALWAYS_EMBED_SWIFT_STANDARD_LIBRARIES = YES;
				BUNDLE_LOADER = "$(TEST_HOST)";
				CODE_SIGN_STYLE = Automatic;
				DEVELOPMENT_TEAM = K8A2R43Y6Y;
				INFOPLIST_FILE = WiproAssignmentTests/Info.plist;
				IPHONEOS_DEPLOYMENT_TARGET = 13.0;
				LD_RUNPATH_SEARCH_PATHS = (
					"$(inherited)",
					"@executable_path/Frameworks",
					"@loader_path/Frameworks",
				);
				PRODUCT_BUNDLE_IDENTIFIER = anshu.WiproAssignmentTests;
				PRODUCT_NAME = "$(TARGET_NAME)";
				SWIFT_VERSION = 5.0;
				TARGETED_DEVICE_FAMILY = "1,2";
				TEST_HOST = "$(BUILT_PRODUCTS_DIR)/WiproAssignment.app/WiproAssignment";
			};
			name = Release;
		};
		9E3F8BC42566A1DC00F2F763 /* Debug */ = {
			isa = XCBuildConfiguration;
			baseConfigurationReference = A5BB6250FC5C2E8BE5E19C19 /* Pods-WiproAssignment-WiproAssignmentUITests.debug.xcconfig */;
			buildSettings = {
				ALWAYS_EMBED_SWIFT_STANDARD_LIBRARIES = YES;
				CODE_SIGN_STYLE = Automatic;
				DEVELOPMENT_TEAM = K8A2R43Y6Y;
				INFOPLIST_FILE = WiproAssignmentUITests/Info.plist;
				LD_RUNPATH_SEARCH_PATHS = (
					"$(inherited)",
					"@executable_path/Frameworks",
					"@loader_path/Frameworks",
				);
				PRODUCT_BUNDLE_IDENTIFIER = anshu.WiproAssignmentUITests;
				PRODUCT_NAME = "$(TARGET_NAME)";
				SWIFT_VERSION = 5.0;
				TARGETED_DEVICE_FAMILY = "1,2";
				TEST_TARGET_NAME = WiproAssignment;
			};
			name = Debug;
		};
		9E3F8BC52566A1DC00F2F763 /* Release */ = {
			isa = XCBuildConfiguration;
			baseConfigurationReference = 511B7370B9047BA9096BA25C /* Pods-WiproAssignment-WiproAssignmentUITests.release.xcconfig */;
			buildSettings = {
				ALWAYS_EMBED_SWIFT_STANDARD_LIBRARIES = YES;
				CODE_SIGN_STYLE = Automatic;
				DEVELOPMENT_TEAM = K8A2R43Y6Y;
				INFOPLIST_FILE = WiproAssignmentUITests/Info.plist;
				LD_RUNPATH_SEARCH_PATHS = (
					"$(inherited)",
					"@executable_path/Frameworks",
					"@loader_path/Frameworks",
				);
				PRODUCT_BUNDLE_IDENTIFIER = anshu.WiproAssignmentUITests;
				PRODUCT_NAME = "$(TARGET_NAME)";
				SWIFT_VERSION = 5.0;
				TARGETED_DEVICE_FAMILY = "1,2";
				TEST_TARGET_NAME = WiproAssignment;
			};
			name = Release;
		};
/* End XCBuildConfiguration section */

/* Begin XCConfigurationList section */
		9E3F8B8E2566A1D700F2F763 /* Build configuration list for PBXProject "WiproAssignment" */ = {
			isa = XCConfigurationList;
			buildConfigurations = (
				9E3F8BBB2566A1DC00F2F763 /* Debug */,
				9E3F8BBC2566A1DC00F2F763 /* Release */,
			);
			defaultConfigurationIsVisible = 0;
			defaultConfigurationName = Release;
		};
		9E3F8BBD2566A1DC00F2F763 /* Build configuration list for PBXNativeTarget "WiproAssignment" */ = {
			isa = XCConfigurationList;
			buildConfigurations = (
				9E3F8BBE2566A1DC00F2F763 /* Debug */,
				9E3F8BBF2566A1DC00F2F763 /* Release */,
			);
			defaultConfigurationIsVisible = 0;
			defaultConfigurationName = Release;
		};
		9E3F8BC02566A1DC00F2F763 /* Build configuration list for PBXNativeTarget "WiproAssignmentTests" */ = {
			isa = XCConfigurationList;
			buildConfigurations = (
				9E3F8BC12566A1DC00F2F763 /* Debug */,
				9E3F8BC22566A1DC00F2F763 /* Release */,
			);
			defaultConfigurationIsVisible = 0;
			defaultConfigurationName = Release;
		};
		9E3F8BC32566A1DC00F2F763 /* Build configuration list for PBXNativeTarget "WiproAssignmentUITests" */ = {
			isa = XCConfigurationList;
			buildConfigurations = (
				9E3F8BC42566A1DC00F2F763 /* Debug */,
				9E3F8BC52566A1DC00F2F763 /* Release */,
			);
			defaultConfigurationIsVisible = 0;
			defaultConfigurationName = Release;
		};
/* End XCConfigurationList section */
	};
	rootObject = 9E3F8B8B2566A1D700F2F763 /* Project object */;
}
